{
  "name": "recount",
  "lockfileVersion": 3,
  "requires": true,
  "packages": {
    "": {
      "dependencies": {
        "rescript": "^10.1.3"
      }
    },
    "node_modules/rescript": {
      "version": "10.1.3",
      "resolved": "https://registry.npmjs.org/rescript/-/rescript-10.1.3.tgz",
      "integrity": "sha512-5qaf63As6nkbrMRJ85kZ0ifLzKAGPOGLuoJ4zFVGZIp4oMePRt6bCKWAIX7zgbRDfRPa3jSu+EnoY2873gxaIA==",
      "hasInstallScript": true,
      "bin": {
        "bsc": "bsc",
        "bsrefmt": "bsrefmt",
        "bstracing": "lib/bstracing",
        "rescript": "rescript"
      }
    }
  }
}
